// !$*UTF8*$!
{
	archiveVersion = 1;
	classes = {
	};
	objectVersion = 56;
	objects = {

/* Begin PBXBuildFile section */
		7DD72B892AC83A81002A24B9 /* iPushupApp.swift in Sources */ = {isa = PBXBuildFile; fileRef = 7DD72B882AC83A81002A24B9 /* iPushupApp.swift */; };
		7DD72B8B2AC83A81002A24B9 /* ContentView.swift in Sources */ = {isa = PBXBuildFile; fileRef = 7DD72B8A2AC83A81002A24B9 /* ContentView.swift */; };
		7DD72B8D2AC83A83002A24B9 /* Assets.xcassets in Resources */ = {isa = PBXBuildFile; fileRef = 7DD72B8C2AC83A83002A24B9 /* Assets.xcassets */; };
		7DD72B902AC83A83002A24B9 /* Preview Assets.xcassets in Resources */ = {isa = PBXBuildFile; fileRef = 7DD72B8F2AC83A83002A24B9 /* Preview Assets.xcassets */; };
		7DD72B9A2AC83A84002A24B9 /* iPushupTests.swift in Sources */ = {isa = PBXBuildFile; fileRef = 7DD72B992AC83A84002A24B9 /* iPushupTests.swift */; };
		7DD72BA42AC83A84002A24B9 /* iPushupUITests.swift in Sources */ = {isa = PBXBuildFile; fileRef = 7DD72BA32AC83A84002A24B9 /* iPushupUITests.swift */; };
		7DD72BA62AC83A84002A24B9 /* iPushupUITestsLaunchTests.swift in Sources */ = {isa = PBXBuildFile; fileRef = 7DD72BA52AC83A84002A24B9 /* iPushupUITestsLaunchTests.swift */; };
		7DD72BB72AC8605F002A24B9 /* pushup_sound.mp3 in Resources */ = {isa = PBXBuildFile; fileRef = 7DD72BB62AC8605F002A24B9 /* pushup_sound.mp3 */; };
/* End PBXBuildFile section */

/* Begin PBXContainerItemProxy section */
		7DD72B962AC83A84002A24B9 /* PBXContainerItemProxy */ = {
			isa = PBXContainerItemProxy;
			containerPortal = 7DD72B7D2AC83A81002A24B9 /* Project object */;
			proxyType = 1;
			remoteGlobalIDString = 7DD72B842AC83A81002A24B9;
			remoteInfo = iPushup;
		};
		7DD72BA02AC83A84002A24B9 /* PBXContainerItemProxy */ = {
			isa = PBXContainerItemProxy;
			containerPortal = 7DD72B7D2AC83A81002A24B9 /* Project object */;
			proxyType = 1;
			remoteGlobalIDString = 7DD72B842AC83A81002A24B9;
			remoteInfo = iPushup;
		};
/* End PBXContainerItemProxy section */

/* Begin PBXFileReference section */
		7DD72B852AC83A81002A24B9 /* iPushup Counter.app */ = {isa = PBXFileReference; explicitFileType = wrapper.application; includeInIndex = 0; path = "iPushup Counter.app"; sourceTree = BUILT_PRODUCTS_DIR; };
		7DD72B882AC83A81002A24B9 /* iPushupApp.swift */ = {isa = PBXFileReference; lastKnownFileType = sourcecode.swift; path = iPushupApp.swift; sourceTree = "<group>"; };
		7DD72B8A2AC83A81002A24B9 /* ContentView.swift */ = {isa = PBXFileReference; lastKnownFileType = sourcecode.swift; path = ContentView.swift; sourceTree = "<group>"; };
		7DD72B8C2AC83A83002A24B9 /* Assets.xcassets */ = {isa = PBXFileReference; lastKnownFileType = folder.assetcatalog; path = Assets.xcassets; sourceTree = "<group>"; };
		7DD72B8F2AC83A83002A24B9 /* Preview Assets.xcassets */ = {isa = PBXFileReference; lastKnownFileType = folder.assetcatalog; path = "Preview Assets.xcassets"; sourceTree = "<group>"; };
		7DD72B952AC83A84002A24B9 /* iPushup CounterTests.xctest */ = {isa = PBXFileReference; explicitFileType = wrapper.cfbundle; includeInIndex = 0; path = "iPushup CounterTests.xctest"; sourceTree = BUILT_PRODUCTS_DIR; };
		7DD72B992AC83A84002A24B9 /* iPushupTests.swift */ = {isa = PBXFileReference; lastKnownFileType = sourcecode.swift; path = iPushupTests.swift; sourceTree = "<group>"; };
		7DD72B9F2AC83A84002A24B9 /* iPushup CounterUITests.xctest */ = {isa = PBXFileReference; explicitFileType = wrapper.cfbundle; includeInIndex = 0; path = "iPushup CounterUITests.xctest"; sourceTree = BUILT_PRODUCTS_DIR; };
		7DD72BA32AC83A84002A24B9 /* iPushupUITests.swift */ = {isa = PBXFileReference; lastKnownFileType = sourcecode.swift; path = iPushupUITests.swift; sourceTree = "<group>"; };
		7DD72BA52AC83A84002A24B9 /* iPushupUITestsLaunchTests.swift */ = {isa = PBXFileReference; lastKnownFileType = sourcecode.swift; path = iPushupUITestsLaunchTests.swift; sourceTree = "<group>"; };
		7DD72BB42AC840B8002A24B9 /* Info.plist */ = {isa = PBXFileReference; lastKnownFileType = text.plist; path = Info.plist; sourceTree = "<group>"; };
		7DD72BB62AC8605F002A24B9 /* pushup_sound.mp3 */ = {isa = PBXFileReference; lastKnownFileType = audio.mp3; path = pushup_sound.mp3; sourceTree = "<group>"; };
/* End PBXFileReference section */

/* Begin PBXFrameworksBuildPhase section */
		7DD72B822AC83A81002A24B9 /* Frameworks */ = {
			isa = PBXFrameworksBuildPhase;
			buildActionMask = 2147483647;
			files = (
			);
			runOnlyForDeploymentPostprocessing = 0;
		};
		7DD72B922AC83A84002A24B9 /* Frameworks */ = {
			isa = PBXFrameworksBuildPhase;
			buildActionMask = 2147483647;
			files = (
			);
			runOnlyForDeploymentPostprocessing = 0;
		};
		7DD72B9C2AC83A84002A24B9 /* Frameworks */ = {
			isa = PBXFrameworksBuildPhase;
			buildActionMask = 2147483647;
			files = (
			);
			runOnlyForDeploymentPostprocessing = 0;
		};
/* End PBXFrameworksBuildPhase section */

/* Begin PBXGroup section */
		7DD72B7C2AC83A81002A24B9 = {
			isa = PBXGroup;
			children = (
				7DD72B872AC83A81002A24B9 /* iPushup */,
				7DD72B982AC83A84002A24B9 /* iPushupTests */,
				7DD72BA22AC83A84002A24B9 /* iPushupUITests */,
				7DD72B862AC83A81002A24B9 /* Products */,
			);
			sourceTree = "<group>";
		};
		7DD72B862AC83A81002A24B9 /* Products */ = {
			isa = PBXGroup;
			children = (
				7DD72B852AC83A81002A24B9 /* iPushup Counter.app */,
				7DD72B952AC83A84002A24B9 /* iPushup CounterTests.xctest */,
				7DD72B9F2AC83A84002A24B9 /* iPushup CounterUITests.xctest */,
			);
			name = Products;
			sourceTree = "<group>";
		};
		7DD72B872AC83A81002A24B9 /* iPushup */ = {
			isa = PBXGroup;
			children = (
				7DD72BB42AC840B8002A24B9 /* Info.plist */,
				7DD72B882AC83A81002A24B9 /* iPushupApp.swift */,
				7DD72B8A2AC83A81002A24B9 /* ContentView.swift */,
				7DD72B8C2AC83A83002A24B9 /* Assets.xcassets */,
				7DD72BB62AC8605F002A24B9 /* pushup_sound.mp3 */,
				7DD72B8E2AC83A83002A24B9 /* Preview Content */,
			);
			path = iPushup;
			sourceTree = "<group>";
		};
		7DD72B8E2AC83A83002A24B9 /* Preview Content */ = {
			isa = PBXGroup;
			children = (
				7DD72B8F2AC83A83002A24B9 /* Preview Assets.xcassets */,
			);
			path = "Preview Content";
			sourceTree = "<group>";
		};
		7DD72B982AC83A84002A24B9 /* iPushupTests */ = {
			isa = PBXGroup;
			children = (
				7DD72B992AC83A84002A24B9 /* iPushupTests.swift */,
			);
			path = iPushupTests;
			sourceTree = "<group>";
		};
		7DD72BA22AC83A84002A24B9 /* iPushupUITests */ = {
			isa = PBXGroup;
			children = (
				7DD72BA32AC83A84002A24B9 /* iPushupUITests.swift */,
				7DD72BA52AC83A84002A24B9 /* iPushupUITestsLaunchTests.swift */,
			);
			path = iPushupUITests;
			sourceTree = "<group>";
		};
/* End PBXGroup section */

/* Begin PBXNativeTarget section */
		7DD72B842AC83A81002A24B9 /* iPushup Counter */ = {
			isa = PBXNativeTarget;
			buildConfigurationList = 7DD72BA92AC83A84002A24B9 /* Build configuration list for PBXNativeTarget "iPushup Counter" */;
			buildPhases = (
				7DD72B812AC83A81002A24B9 /* Sources */,
				7DD72B822AC83A81002A24B9 /* Frameworks */,
				7DD72B832AC83A81002A24B9 /* Resources */,
			);
			buildRules = (
			);
			dependencies = (
			);
			name = "iPushup Counter";
			productName = iPushup;
			productReference = 7DD72B852AC83A81002A24B9 /* iPushup Counter.app */;
			productType = "com.apple.product-type.application";
		};
		7DD72B942AC83A84002A24B9 /* iPushup CounterTests */ = {
			isa = PBXNativeTarget;
			buildConfigurationList = 7DD72BAC2AC83A84002A24B9 /* Build configuration list for PBXNativeTarget "iPushup CounterTests" */;
			buildPhases = (
				7DD72B912AC83A84002A24B9 /* Sources */,
				7DD72B922AC83A84002A24B9 /* Frameworks */,
				7DD72B932AC83A84002A24B9 /* Resources */,
			);
			buildRules = (
			);
			dependencies = (
				7DD72B972AC83A84002A24B9 /* PBXTargetDependency */,
			);
			name = "iPushup CounterTests";
			productName = iPushupTests;
			productReference = 7DD72B952AC83A84002A24B9 /* iPushup CounterTests.xctest */;
			productType = "com.apple.product-type.bundle.unit-test";
		};
		7DD72B9E2AC83A84002A24B9 /* iPushup CounterUITests */ = {
			isa = PBXNativeTarget;
			buildConfigurationList = 7DD72BAF2AC83A84002A24B9 /* Build configuration list for PBXNativeTarget "iPushup CounterUITests" */;
			buildPhases = (
				7DD72B9B2AC83A84002A24B9 /* Sources */,
				7DD72B9C2AC83A84002A24B9 /* Frameworks */,
				7DD72B9D2AC83A84002A24B9 /* Resources */,
			);
			buildRules = (
			);
			dependencies = (
				7DD72BA12AC83A84002A24B9 /* PBXTargetDependency */,
			);
			name = "iPushup CounterUITests";
			productName = iPushupUITests;
			productReference = 7DD72B9F2AC83A84002A24B9 /* iPushup CounterUITests.xctest */;
			productType = "com.apple.product-type.bundle.ui-testing";
		};
/* End PBXNativeTarget section */

/* Begin PBXProject section */
		7DD72B7D2AC83A81002A24B9 /* Project object */ = {
			isa = PBXProject;
			attributes = {
				BuildIndependentTargetsInParallel = 1;
				LastSwiftUpdateCheck = 1500;
				LastUpgradeCheck = 1500;
				TargetAttributes = {
					7DD72B842AC83A81002A24B9 = {
						CreatedOnToolsVersion = 15.0;
					};
					7DD72B942AC83A84002A24B9 = {
						CreatedOnToolsVersion = 15.0;
						TestTargetID = 7DD72B842AC83A81002A24B9;
					};
					7DD72B9E2AC83A84002A24B9 = {
						CreatedOnToolsVersion = 15.0;
						TestTargetID = 7DD72B842AC83A81002A24B9;
					};
				};
			};
			buildConfigurationList = 7DD72B802AC83A81002A24B9 /* Build configuration list for PBXProject "iPushup Counter" */;
			compatibilityVersion = "Xcode 14.0";
			developmentRegion = en;
			hasScannedForEncodings = 0;
			knownRegions = (
				en,
				Base,
			);
			mainGroup = 7DD72B7C2AC83A81002A24B9;
			productRefGroup = 7DD72B862AC83A81002A24B9 /* Products */;
			projectDirPath = "";
			projectRoot = "";
			targets = (
				7DD72B842AC83A81002A24B9 /* iPushup Counter */,
				7DD72B942AC83A84002A24B9 /* iPushup CounterTests */,
				7DD72B9E2AC83A84002A24B9 /* iPushup CounterUITests */,
			);
		};
/* End PBXProject section */

/* Begin PBXResourcesBuildPhase section */
		7DD72B832AC83A81002A24B9 /* Resources */ = {
			isa = PBXResourcesBuildPhase;
			buildActionMask = 2147483647;
			files = (
				7DD72BB72AC8605F002A24B9 /* pushup_sound.mp3 in Resources */,
				7DD72B902AC83A83002A24B9 /* Preview Assets.xcassets in Resources */,
				7DD72B8D2AC83A83002A24B9 /* Assets.xcassets in Resources */,
			);
			runOnlyForDeploymentPostprocessing = 0;
		};
		7DD72B932AC83A84002A24B9 /* Resources */ = {
			isa = PBXResourcesBuildPhase;
			buildActionMask = 2147483647;
			files = (
			);
			runOnlyForDeploymentPostprocessing = 0;
		};
		7DD72B9D2AC83A84002A24B9 /* Resources */ = {
			isa = PBXResourcesBuildPhase;
			buildActionMask = 2147483647;
			files = (
			);
			runOnlyForDeploymentPostprocessing = 0;
		};
/* End PBXResourcesBuildPhase section */

/* Begin PBXSourcesBuildPhase section */
		7DD72B812AC83A81002A24B9 /* Sources */ = {
			isa = PBXSourcesBuildPhase;
			buildActionMask = 2147483647;
			files = (
				7DD72B8B2AC83A81002A24B9 /* ContentView.swift in Sources */,
				7DD72B892AC83A81002A24B9 /* iPushupApp.swift in Sources */,
			);
			runOnlyForDeploymentPostprocessing = 0;
		};
		7DD72B912AC83A84002A24B9 /* Sources */ = {
			isa = PBXSourcesBuildPhase;
			buildActionMask = 2147483647;
			files = (
				7DD72B9A2AC83A84002A24B9 /* iPushupTests.swift in Sources */,
			);
			runOnlyForDeploymentPostprocessing = 0;
		};
		7DD72B9B2AC83A84002A24B9 /* Sources */ = {
			isa = PBXSourcesBuildPhase;
			buildActionMask = 2147483647;
			files = (
				7DD72BA42AC83A84002A24B9 /* iPushupUITests.swift in Sources */,
				7DD72BA62AC83A84002A24B9 /* iPushupUITestsLaunchTests.swift in Sources */,
			);
			runOnlyForDeploymentPostprocessing = 0;
		};
/* End PBXSourcesBuildPhase section */

/* Begin PBXTargetDependency section */
		7DD72B972AC83A84002A24B9 /* PBXTargetDependency */ = {
			isa = PBXTargetDependency;
			target = 7DD72B842AC83A81002A24B9 /* iPushup Counter */;
			targetProxy = 7DD72B962AC83A84002A24B9 /* PBXContainerItemProxy */;
		};
		7DD72BA12AC83A84002A24B9 /* PBXTargetDependency */ = {
			isa = PBXTargetDependency;
			target = 7DD72B842AC83A81002A24B9 /* iPushup Counter */;
			targetProxy = 7DD72BA02AC83A84002A24B9 /* PBXContainerItemProxy */;
		};
/* End PBXTargetDependency section */

/* Begin XCBuildConfiguration section */
		7DD72BA72AC83A84002A24B9 /* Debug */ = {
			isa = XCBuildConfiguration;
			buildSettings = {
				ALWAYS_SEARCH_USER_PATHS = NO;
				ASSETCATALOG_COMPILER_GENERATE_SWIFT_ASSET_SYMBOL_EXTENSIONS = YES;
				CLANG_ANALYZER_NONNULL = YES;
				CLANG_ANALYZER_NUMBER_OBJECT_CONVERSION = YES_AGGRESSIVE;
				CLANG_CXX_LANGUAGE_STANDARD = "gnu++20";
				CLANG_ENABLE_MODULES = YES;
				CLANG_ENABLE_OBJC_ARC = YES;
				CLANG_ENABLE_OBJC_WEAK = YES;
				CLANG_WARN_BLOCK_CAPTURE_AUTORELEASING = YES;
				CLANG_WARN_BOOL_CONVERSION = YES;
				CLANG_WARN_COMMA = YES;
				CLANG_WARN_CONSTANT_CONVERSION = YES;
				CLANG_WARN_DEPRECATED_OBJC_IMPLEMENTATIONS = YES;
				CLANG_WARN_DIRECT_OBJC_ISA_USAGE = YES_ERROR;
				CLANG_WARN_DOCUMENTATION_COMMENTS = YES;
				CLANG_WARN_EMPTY_BODY = YES;
				CLANG_WARN_ENUM_CONVERSION = YES;
				CLANG_WARN_INFINITE_RECURSION = YES;
				CLANG_WARN_INT_CONVERSION = YES;
				CLANG_WARN_NON_LITERAL_NULL_CONVERSION = YES;
				CLANG_WARN_OBJC_IMPLICIT_RETAIN_SELF = YES;
				CLANG_WARN_OBJC_LITERAL_CONVERSION = YES;
				CLANG_WARN_OBJC_ROOT_CLASS = YES_ERROR;
				CLANG_WARN_QUOTED_INCLUDE_IN_FRAMEWORK_HEADER = YES;
				CLANG_WARN_RANGE_LOOP_ANALYSIS = YES;
				CLANG_WARN_STRICT_PROTOTYPES = YES;
				CLANG_WARN_SUSPICIOUS_MOVE = YES;
				CLANG_WARN_UNGUARDED_AVAILABILITY = YES_AGGRESSIVE;
				CLANG_WARN_UNREACHABLE_CODE = YES;
				CLANG_WARN__DUPLICATE_METHOD_MATCH = YES;
				COPY_PHASE_STRIP = NO;
				DEBUG_INFORMATION_FORMAT = dwarf;
				ENABLE_STRICT_OBJC_MSGSEND = YES;
				ENABLE_TESTABILITY = YES;
				ENABLE_USER_SCRIPT_SANDBOXING = YES;
				GCC_C_LANGUAGE_STANDARD = gnu17;
				GCC_DYNAMIC_NO_PIC = NO;
				GCC_NO_COMMON_BLOCKS = YES;
				GCC_OPTIMIZATION_LEVEL = 0;
				GCC_PREPROCESSOR_DEFINITIONS = (
					"DEBUG=1",
					"$(inherited)",
				);
				GCC_WARN_64_TO_32_BIT_CONVERSION = YES;
				GCC_WARN_ABOUT_RETURN_TYPE = YES_ERROR;
				GCC_WARN_UNDECLARED_SELECTOR = YES;
				GCC_WARN_UNINITIALIZED_AUTOS = YES_AGGRESSIVE;
				GCC_WARN_UNUSED_FUNCTION = YES;
				GCC_WARN_UNUSED_VARIABLE = YES;
				IPHONEOS_DEPLOYMENT_TARGET = 17.0;
				LOCALIZATION_PREFERS_STRING_CATALOGS = YES;
				MTL_ENABLE_DEBUG_INFO = INCLUDE_SOURCE;
				MTL_FAST_MATH = YES;
				ONLY_ACTIVE_ARCH = YES;
				SDKROOT = iphoneos;
				SWIFT_ACTIVE_COMPILATION_CONDITIONS = "DEBUG $(inherited)";
				SWIFT_OPTIMIZATION_LEVEL = "-Onone";
			};
			name = Debug;
		};
		7DD72BA82AC83A84002A24B9 /* Release */ = {
			isa = XCBuildConfiguration;
			buildSettings = {
				ALWAYS_SEARCH_USER_PATHS = NO;
				ASSETCATALOG_COMPILER_GENERATE_SWIFT_ASSET_SYMBOL_EXTENSIONS = YES;
				CLANG_ANALYZER_NONNULL = YES;
				CLANG_ANALYZER_NUMBER_OBJECT_CONVERSION = YES_AGGRESSIVE;
				CLANG_CXX_LANGUAGE_STANDARD = "gnu++20";
				CLANG_ENABLE_MODULES = YES;
				CLANG_ENABLE_OBJC_ARC = YES;
				CLANG_ENABLE_OBJC_WEAK = YES;
				CLANG_WARN_BLOCK_CAPTURE_AUTORELEASING = YES;
				CLANG_WARN_BOOL_CONVERSION = YES;
				CLANG_WARN_COMMA = YES;
				CLANG_WARN_CONSTANT_CONVERSION = YES;
				CLANG_WARN_DEPRECATED_OBJC_IMPLEMENTATIONS = YES;
				CLANG_WARN_DIRECT_OBJC_ISA_USAGE = YES_ERROR;
				CLANG_WARN_DOCUMENTATION_COMMENTS = YES;
				CLANG_WARN_EMPTY_BODY = YES;
				CLANG_WARN_ENUM_CONVERSION = YES;
				CLANG_WARN_INFINITE_RECURSION = YES;
				CLANG_WARN_INT_CONVERSION = YES;
				CLANG_WARN_NON_LITERAL_NULL_CONVERSION = YES;
				CLANG_WARN_OBJC_IMPLICIT_RETAIN_SELF = YES;
				CLANG_WARN_OBJC_LITERAL_CONVERSION = YES;
				CLANG_WARN_OBJC_ROOT_CLASS = YES_ERROR;
				CLANG_WARN_QUOTED_INCLUDE_IN_FRAMEWORK_HEADER = YES;
				CLANG_WARN_RANGE_LOOP_ANALYSIS = YES;
				CLANG_WARN_STRICT_PROTOTYPES = YES;
				CLANG_WARN_SUSPICIOUS_MOVE = YES;
				CLANG_WARN_UNGUARDED_AVAILABILITY = YES_AGGRESSIVE;
				CLANG_WARN_UNREACHABLE_CODE = YES;
				CLANG_WARN__DUPLICATE_METHOD_MATCH = YES;
				COPY_PHASE_STRIP = NO;
				DEBUG_INFORMATION_FORMAT = "dwarf-with-dsym";
				ENABLE_NS_ASSERTIONS = NO;
				ENABLE_STRICT_OBJC_MSGSEND = YES;
				ENABLE_USER_SCRIPT_SANDBOXING = YES;
				GCC_C_LANGUAGE_STANDARD = gnu17;
				GCC_NO_COMMON_BLOCKS = YES;
				GCC_WARN_64_TO_32_BIT_CONVERSION = YES;
				GCC_WARN_ABOUT_RETURN_TYPE = YES_ERROR;
				GCC_WARN_UNDECLARED_SELECTOR = YES;
				GCC_WARN_UNINITIALIZED_AUTOS = YES_AGGRESSIVE;
				GCC_WARN_UNUSED_FUNCTION = YES;
				GCC_WARN_UNUSED_VARIABLE = YES;
				IPHONEOS_DEPLOYMENT_TARGET = 17.0;
				LOCALIZATION_PREFERS_STRING_CATALOGS = YES;
				MTL_ENABLE_DEBUG_INFO = NO;
				MTL_FAST_MATH = YES;
				SDKROOT = iphoneos;
				SWIFT_COMPILATION_MODE = wholemodule;
				VALIDATE_PRODUCT = YES;
			};
			name = Release;
		};
		7DD72BAA2AC83A84002A24B9 /* Debug */ = {
			isa = XCBuildConfiguration;
			buildSettings = {
				ASSETCATALOG_COMPILER_APPICON_NAME = AppIcon;
				ASSETCATALOG_COMPILER_GLOBAL_ACCENT_COLOR_NAME = AccentColor;
				CODE_SIGN_STYLE = Automatic;
				CURRENT_PROJECT_VERSION = 1;
				DEVELOPMENT_ASSET_PATHS = "\"iPushup/Preview Content\"";
				DEVELOPMENT_TEAM = NJ5FBNSE69;
				ENABLE_PREVIEWS = YES;
				GENERATE_INFOPLIST_FILE = YES;
				INFOPLIST_FILE = iPushup/Info.plist;
				INFOPLIST_KEY_UIApplicationSceneManifest_Generation = YES;
				INFOPLIST_KEY_UIApplicationSupportsIndirectInputEvents = YES;
				INFOPLIST_KEY_UILaunchScreen_Generation = YES;
				INFOPLIST_KEY_UISupportedInterfaceOrientations_iPad = "UIInterfaceOrientationPortrait UIInterfaceOrientationPortraitUpsideDown UIInterfaceOrientationLandscapeLeft UIInterfaceOrientationLandscapeRight";
				INFOPLIST_KEY_UISupportedInterfaceOrientations_iPhone = "UIInterfaceOrientationPortrait UIInterfaceOrientationLandscapeLeft UIInterfaceOrientationLandscapeRight";
				LD_RUNPATH_SEARCH_PATHS = (
					"$(inherited)",
					"@executable_path/Frameworks",
				);
				MARKETING_VERSION = 1.0;
				PRODUCT_BUNDLE_IDENTIFIER = superlabs.iPushup;
				PRODUCT_NAME = "$(TARGET_NAME)";
				SWIFT_EMIT_LOC_STRINGS = YES;
				SWIFT_VERSION = 5.0;
				TARGETED_DEVICE_FAMILY = "1,2";
			};
			name = Debug;
		};
		7DD72BAB2AC83A84002A24B9 /* Release */ = {
			isa = XCBuildConfiguration;
			buildSettings = {
				ASSETCATALOG_COMPILER_APPICON_NAME = AppIcon;
				ASSETCATALOG_COMPILER_GLOBAL_ACCENT_COLOR_NAME = AccentColor;
				CODE_SIGN_STYLE = Automatic;
				CURRENT_PROJECT_VERSION = 1;
				DEVELOPMENT_ASSET_PATHS = "\"iPushup/Preview Content\"";
				DEVELOPMENT_TEAM = NJ5FBNSE69;
				ENABLE_PREVIEWS = YES;
				GENERATE_INFOPLIST_FILE = YES;
				INFOPLIST_FILE = iPushup/Info.plist;
				INFOPLIST_KEY_UIApplicationSceneManifest_Generation = YES;
				INFOPLIST_KEY_UIApplicationSupportsIndirectInputEvents = YES;
				INFOPLIST_KEY_UILaunchScreen_Generation = YES;
				INFOPLIST_KEY_UISupportedInterfaceOrientations_iPad = "UIInterfaceOrientationPortrait UIInterfaceOrientationPortraitUpsideDown UIInterfaceOrientationLandscapeLeft UIInterfaceOrientationLandscapeRight";
				INFOPLIST_KEY_UISupportedInterfaceOrientations_iPhone = "UIInterfaceOrientationPortrait UIInterfaceOrientationLandscapeLeft UIInterfaceOrientationLandscapeRight";
				LD_RUNPATH_SEARCH_PATHS = (
					"$(inherited)",
					"@executable_path/Frameworks",
				);
				MARKETING_VERSION = 1.0;
				PRODUCT_BUNDLE_IDENTIFIER = superlabs.iPushup;
				PRODUCT_NAME = "$(TARGET_NAME)";
				SWIFT_EMIT_LOC_STRINGS = YES;
				SWIFT_VERSION = 5.0;
				TARGETED_DEVICE_FAMILY = "1,2";
			};
			name = Release;
		};
		7DD72BAD2AC83A84002A24B9 /* Debug */ = {
			isa = XCBuildConfiguration;
			buildSettings = {
				ALWAYS_EMBED_SWIFT_STANDARD_LIBRARIES = YES;
				BUNDLE_LOADER = "$(TEST_HOST)";
				CODE_SIGN_STYLE = Automatic;
				CURRENT_PROJECT_VERSION = 1;
				DEVELOPMENT_TEAM = NJ5FBNSE69;
				GENERATE_INFOPLIST_FILE = YES;
				IPHONEOS_DEPLOYMENT_TARGET = 17.0;
				MARKETING_VERSION = 1.0;
				PRODUCT_BUNDLE_IDENTIFIER = superlabs.iPushupTests;
				PRODUCT_NAME = "$(TARGET_NAME)";
				SWIFT_EMIT_LOC_STRINGS = NO;
				SWIFT_VERSION = 5.0;
				TARGETED_DEVICE_FAMILY = "1,2";
				TEST_HOST = "$(BUILT_PRODUCTS_DIR)/iPushup Counter.app/$(BUNDLE_EXECUTABLE_FOLDER_PATH)/iPushup Counter";
			};
			name = Debug;
		};
		7DD72BAE2AC83A84002A24B9 /* Release */ = {
			isa = XCBuildConfiguration;
			buildSettings = {
				ALWAYS_EMBED_SWIFT_STANDARD_LIBRARIES = YES;
				BUNDLE_LOADER = "$(TEST_HOST)";
				CODE_SIGN_STYLE = Automatic;
				CURRENT_PROJECT_VERSION = 1;
				DEVELOPMENT_TEAM = NJ5FBNSE69;
				GENERATE_INFOPLIST_FILE = YES;
				IPHONEOS_DEPLOYMENT_TARGET = 17.0;
				MARKETING_VERSION = 1.0;
				PRODUCT_BUNDLE_IDENTIFIER = superlabs.iPushupTests;
				PRODUCT_NAME = "$(TARGET_NAME)";
				SWIFT_EMIT_LOC_STRINGS = NO;
				SWIFT_VERSION = 5.0;
				TARGETED_DEVICE_FAMILY = "1,2";
				TEST_HOST = "$(BUILT_PRODUCTS_DIR)/iPushup Counter.app/$(BUNDLE_EXECUTABLE_FOLDER_PATH)/iPushup Counter";
			};
			name = Release;
		};
		7DD72BB02AC83A84002A24B9 /* Debug */ = {
			isa = XCBuildConfiguration;
			buildSettings = {
				ALWAYS_EMBED_SWIFT_STANDARD_LIBRARIES = YES;
				CODE_SIGN_STYLE = Automatic;
				CURRENT_PROJECT_VERSION = 1;
				DEVELOPMENT_TEAM = NJ5FBNSE69;
				GENERATE_INFOPLIST_FILE = YES;
				MARKETING_VERSION = 1.0;
				PRODUCT_BUNDLE_IDENTIFIER = superlabs.iPushupUITests;
				PRODUCT_NAME = "$(TARGET_NAME)";
				SWIFT_EMIT_LOC_STRINGS = NO;
				SWIFT_VERSION = 5.0;
				TARGETED_DEVICE_FAMILY = "1,2";
				TEST_TARGET_NAME = iPushup;
			};
			name = Debug;
		};
		7DD72BB12AC83A84002A24B9 /* Release */ = {
			isa = XCBuildConfiguration;
			buildSettings = {
				ALWAYS_EMBED_SWIFT_STANDARD_LIBRARIES = YES;
				CODE_SIGN_STYLE = Automatic;
				CURRENT_PROJECT_VERSION = 1;
				DEVELOPMENT_TEAM = NJ5FBNSE69;
				GENERATE_INFOPLIST_FILE = YES;
				MARKETING_VERSION = 1.0;
				PRODUCT_BUNDLE_IDENTIFIER = superlabs.iPushupUITests;
				PRODUCT_NAME = "$(TARGET_NAME)";
				SWIFT_EMIT_LOC_STRINGS = NO;
				SWIFT_VERSION = 5.0;
				TARGETED_DEVICE_FAMILY = "1,2";
				TEST_TARGET_NAME = iPushup;
			};
			name = Release;
		};
/* End XCBuildConfiguration section */

/* Begin XCConfigurationList section */
		7DD72B802AC83A81002A24B9 /* Build configuration list for PBXProject "iPushup Counter" */ = {
			isa = XCConfigurationList;
			buildConfigurations = (
				7DD72BA72AC83A84002A24B9 /* Debug */,
				7DD72BA82AC83A84002A24B9 /* Release */,
			);
			defaultConfigurationIsVisible = 0;
			defaultConfigurationName = Release;
		};
		7DD72BA92AC83A84002A24B9 /* Build configuration list for PBXNativeTarget "iPushup Counter" */ = {
			isa = XCConfigurationList;
			buildConfigurations = (
				7DD72BAA2AC83A84002A24B9 /* Debug */,
				7DD72BAB2AC83A84002A24B9 /* Release */,
			);
			defaultConfigurationIsVisible = 0;
			defaultConfigurationName = Release;
		};
		7DD72BAC2AC83A84002A24B9 /* Build configuration list for PBXNativeTarget "iPushup CounterTests" */ = {
			isa = XCConfigurationList;
			buildConfigurations = (
				7DD72BAD2AC83A84002A24B9 /* Debug */,
				7DD72BAE2AC83A84002A24B9 /* Release */,
			);
			defaultConfigurationIsVisible = 0;
			defaultConfigurationName = Release;
		};
		7DD72BAF2AC83A84002A24B9 /* Build configuration list for PBXNativeTarget "iPushup CounterUITests" */ = {
			isa = XCConfigurationList;
			buildConfigurations = (
				7DD72BB02AC83A84002A24B9 /* Debug */,
				7DD72BB12AC83A84002A24B9 /* Release */,
			);
			defaultConfigurationIsVisible = 0;
			defaultConfigurationName = Release;
		};
/* End XCConfigurationList section */
	};
	rootObject = 7DD72B7D2AC83A81002A24B9 /* Project object */;
}
